
Microsoft Visual Studio Solution File, Format Version 12.00
Project("{FAE04EC0-301F-11D3-BF4B-00C04F79EFBC}") = "TimedShutdown", "TimedShutdown\TimedShutdown.csproj", "{B8AEE9BE-99AF-4FB6-8AF5-3F46A8C2174E}"
EndProject
Global
	GlobalSection(SolutionConfigurationPlatforms) = preSolution
		Debug|Any CPU = Debug|Any CPU
		Release|Any CPU = Release|Any CPU
	EndGlobalSection
	GlobalSection(ProjectConfigurationPlatforms) = postSolution
		{B8AEE9BE-99AF-4FB6-8AF5-3F46A8C2174E}.Debug|Any CPU.ActiveCfg = Debug|Any CPU
		{B8AEE9BE-99AF-4FB6-8AF5-3F46A8C2174E}.Debug|Any CPU.Build.0 = Debug|Any CPU
		{B8AEE9BE-99AF-4FB6-8AF5-3F46A8C2174E}.Release|Any CPU.ActiveCfg = Release|Any CPU
		{B8AEE9BE-99AF-4FB6-8AF5-3F46A8C2174E}.Release|Any CPU.Build.0 = Release|Any CPU
	EndGlobalSection
EndGlobal
